
Microsoft Visual Studio Solution File, Format Version 12.00
# Visual Studio 15
VisualStudioVersion = 15.0.28307.271
MinimumVisualStudioVersion = 10.0.40219.1
Project("{FAE04EC0-301F-11D3-BF4B-00C04F79EFBC}") = "Adapter", "Adapter\Adapter.csproj", "{EE67EB54-7B8D-4434-B652-6ED99C0DA36E}"
EndProject
Global
	GlobalSection(SolutionConfigurationPlatforms) = preSolution
		Debug|Any CPU = Debug|Any CPU
		Release|Any CPU = Release|Any CPU
	EndGlobalSection
	GlobalSection(ProjectConfigurationPlatforms) = postSolution
		{EE67EB54-7B8D-4434-B652-6ED99C0DA36E}.Debug|Any CPU.ActiveCfg = Debug|Any CPU
		{EE67EB54-7B8D-4434-B652-6ED99C0DA36E}.Debug|Any CPU.Build.0 = Debug|Any CPU
		{EE67EB54-7B8D-4434-B652-6ED99C0DA36E}.Release|Any CPU.ActiveCfg = Release|Any CPU
		{EE67EB54-7B8D-4434-B652-6ED99C0DA36E}.Release|Any CPU.Build.0 = Release|Any CPU
	EndGlobalSection
	GlobalSection(SolutionProperties) = preSolution
		HideSolutionNode = FALSE
	EndGlobalSection
	GlobalSection(ExtensibilityGlobals) = postSolution
		SolutionGuid = {94434C61-086C-425B-AD17-274E4A959293}
	EndGlobalSection
EndGlobal
